
Microsoft Visual Studio Solution File, Format Version 12.00
# Visual Studio Version 16
VisualStudioVersion = 16.0.31205.134
MinimumVisualStudioVersion = 10.0.40219.1
Project("{FAE04EC0-301F-11D3-BF4B-00C04F79EFBC}") = "PipeServer", "PipeServer\PipeServer.csproj", "{AA595382-B849-4A89-A6DF-E5CDB865D019}"
EndProject
Project("{FAE04EC0-301F-11D3-BF4B-00C04F79EFBC}") = "PipeClient", "PipeClient\PipeClient.csproj", "{64FF00DD-A9DB-4C33-9211-AE7A8368EE7E}"
EndProject
Project("{FAE04EC0-301F-11D3-BF4B-00C04F79EFBC}") = "Disassembler32.Wrapper", "Disassembler32.Wrapper\Disassembler32.Wrapper.csproj", "{DF614151-1F3F-431A-8298-93BB74B45139}"
EndProject
Global
	GlobalSection(SolutionConfigurationPlatforms) = preSolution
		Debug|Any CPU = Debug|Any CPU
		Release|Any CPU = Release|Any CPU
	EndGlobalSection
	GlobalSection(ProjectConfigurationPlatforms) = postSolution
		{AA595382-B849-4A89-A6DF-E5CDB865D019}.Debug|Any CPU.ActiveCfg = Debug|Any CPU
		{AA595382-B849-4A89-A6DF-E5CDB865D019}.Debug|Any CPU.Build.0 = Debug|Any CPU
		{AA595382-B849-4A89-A6DF-E5CDB865D019}.Release|Any CPU.ActiveCfg = Release|Any CPU
		{AA595382-B849-4A89-A6DF-E5CDB865D019}.Release|Any CPU.Build.0 = Release|Any CPU
		{64FF00DD-A9DB-4C33-9211-AE7A8368EE7E}.Debug|Any CPU.ActiveCfg = Debug|Any CPU
		{64FF00DD-A9DB-4C33-9211-AE7A8368EE7E}.Debug|Any CPU.Build.0 = Debug|Any CPU
		{64FF00DD-A9DB-4C33-9211-AE7A8368EE7E}.Release|Any CPU.ActiveCfg = Release|Any CPU
		{64FF00DD-A9DB-4C33-9211-AE7A8368EE7E}.Release|Any CPU.Build.0 = Release|Any CPU
		{DF614151-1F3F-431A-8298-93BB74B45139}.Debug|Any CPU.ActiveCfg = Debug|Any CPU
		{DF614151-1F3F-431A-8298-93BB74B45139}.Debug|Any CPU.Build.0 = Debug|Any CPU
		{DF614151-1F3F-431A-8298-93BB74B45139}.Release|Any CPU.ActiveCfg = Release|Any CPU
		{DF614151-1F3F-431A-8298-93BB74B45139}.Release|Any CPU.Build.0 = Release|Any CPU
	EndGlobalSection
	GlobalSection(SolutionProperties) = preSolution
		HideSolutionNode = FALSE
	EndGlobalSection
	GlobalSection(ExtensibilityGlobals) = postSolution
		SolutionGuid = {8B17AE21-D98E-42C5-8B27-B3C73E8F78A2}
	EndGlobalSection
EndGlobal
